
Microsoft Visual Studio Solution File, Format Version 12.00
# Visual Studio Version 16
VisualStudioVersion = 16.0.31025.194
MinimumVisualStudioVersion = 10.0.40219.1
Project("{FAE04EC0-301F-11D3-BF4B-00C04F79EFBC}") = "authJWT", "authJWT\authJWT.csproj", "{409CED85-1DB2-4A24-9B23-5B3ABAA52E68}"
EndProject
Global
	GlobalSection(SolutionConfigurationPlatforms) = preSolution
		Debug|Any CPU = Debug|Any CPU
		Release|Any CPU = Release|Any CPU
	EndGlobalSection
	GlobalSection(ProjectConfigurationPlatforms) = postSolution
		{409CED85-1DB2-4A24-9B23-5B3ABAA52E68}.Debug|Any CPU.ActiveCfg = Debug|Any CPU
		{409CED85-1DB2-4A24-9B23-5B3ABAA52E68}.Debug|Any CPU.Build.0 = Debug|Any CPU
		{409CED85-1DB2-4A24-9B23-5B3ABAA52E68}.Release|Any CPU.ActiveCfg = Release|Any CPU
		{409CED85-1DB2-4A24-9B23-5B3ABAA52E68}.Release|Any CPU.Build.0 = Release|Any CPU
	EndGlobalSection
	GlobalSection(SolutionProperties) = preSolution
		HideSolutionNode = FALSE
	EndGlobalSection
	GlobalSection(ExtensibilityGlobals) = postSolution
		SolutionGuid = {293CAE9B-28DF-44CD-8A24-6D8800CE47DF}
	EndGlobalSection
EndGlobal
